
Microsoft Visual Studio Solution File, Format Version 12.00
# Visual Studio Version 16
VisualStudioVersion = 16.0.31410.357
MinimumVisualStudioVersion = 10.0.40219.1
Project("{FAE04EC0-301F-11D3-BF4B-00C04F79EFBC}") = "ThreeCardPoker_Sim", "ThreeCardPoker_Sim.csproj", "{4B8EBEBE-109F-4254-89BF-AC120B2DB293}"
EndProject
Global
	GlobalSection(SolutionConfigurationPlatforms) = preSolution
		Debug|Any CPU = Debug|Any CPU
		Release|Any CPU = Release|Any CPU
	EndGlobalSection
	GlobalSection(ProjectConfigurationPlatforms) = postSolution
		{4B8EBEBE-109F-4254-89BF-AC120B2DB293}.Debug|Any CPU.ActiveCfg = Debug|Any CPU
		{4B8EBEBE-109F-4254-89BF-AC120B2DB293}.Debug|Any CPU.Build.0 = Debug|Any CPU
		{4B8EBEBE-109F-4254-89BF-AC120B2DB293}.Release|Any CPU.ActiveCfg = Release|Any CPU
		{4B8EBEBE-109F-4254-89BF-AC120B2DB293}.Release|Any CPU.Build.0 = Release|Any CPU
	EndGlobalSection
	GlobalSection(SolutionProperties) = preSolution
		HideSolutionNode = FALSE
	EndGlobalSection
	GlobalSection(ExtensibilityGlobals) = postSolution
		SolutionGuid = {1FDC09F2-6563-46AD-A01C-1615B9197B38}
	EndGlobalSection
EndGlobal
